{
  "name": "freepi-node-sample-app",
  "version": "1.0.0",
  "lockfileVersion": 1,
  "requires": true,
  "dependencies": {
    "@freepi/core": {
      "version": "2.2.1-alpha.0",
      "resolved": "https://registry.npmjs.org/@freepi/core/-/core-2.2.1-alpha.0.tgz",
      "integrity": "sha512-3phzJVhL5c0C8u6J7AiqXeTd4k1bOwh3txKyo4xJnasHOJflCKGNAqBas5QWBFXUl/ZfspjeiAO/VRRzWGchCg==",
      "requires": {
        "@types/axios": "^0.14.0",
        "axios": "^0.21.0"
      }
    },
    "@freepi/jsonplaceholder": {
      "version": "2.2.1-alpha.0",
      "resolved": "https://registry.npmjs.org/@freepi/jsonplaceholder/-/jsonplaceholder-2.2.1-alpha.0.tgz",
      "integrity": "sha512-I8v5bG3+pA+ABj7JPvuCc09HpDIfbENAsNOtH0jx1xjPThBa48S5959Nn179HhYsQ9iWh9oJT3Tsx+LOodEORA==",
      "requires": {
        "@freepi/core": "^2.2.1-alpha.0",
        "@types/axios": "^0.14.0",
        "axios": "^0.21.0"
      }
    },
    "@freepi/unsplash": {
      "version": "2.2.1-alpha.0",
      "resolved": "https://registry.npmjs.org/@freepi/unsplash/-/unsplash-2.2.1-alpha.0.tgz",
      "integrity": "sha512-2msehobZlCQLH06tq/ndDucKE26ziTHOggQbLv6ZV59v1cgL/FVGZcVl86LCYbVx1GC1f4CD1WkB5oktLzBQZw==",
      "requires": {
        "@freepi/core": "^2.2.1-alpha.0",
        "axios": "^0.21.0"
      }
    },
    "@types/axios": {
      "version": "0.14.0",
      "resolved": "https://registry.npmjs.org/@types/axios/-/axios-0.14.0.tgz",
      "integrity": "sha1-7CMA++fX3d1+udOr+HmZlkyvzkY=",
      "requires": {
        "axios": "*"
      }
    },
    "@types/content-type": {
      "version": "1.1.3",
      "resolved": "https://registry.npmjs.org/@types/content-type/-/content-type-1.1.3.tgz",
      "integrity": "sha512-pv8VcFrZ3fN93L4rTNIbbUzdkzjEyVMp5mPVjsFfOYTDOZMZiZ8P1dhu+kEv3faYyKzZgLlSvnyQNFg+p/v5ug=="
    },
    "axios": {
      "version": "0.21.1",
      "resolved": "https://registry.npmjs.org/axios/-/axios-0.21.1.tgz",
      "integrity": "sha512-dKQiRHxGD9PPRIUNIWvZhPTPpl1rf/OxTYKsqKUDjBwYylTvV7SjSHJb9ratfyzM6wCdLCOYLzs73qpg5c4iGA==",
      "requires": {
        "follow-redirects": "^1.10.0"
      }
    },
    "content-type": {
      "version": "1.0.4",
      "resolved": "https://registry.npmjs.org/content-type/-/content-type-1.0.4.tgz",
      "integrity": "sha512-hIP3EEPs8tB9AT1L+NUqtwOAps4mk2Zob89MWXMHjHWg9milF/j4osnnQLXBCBFBk/tvIG/tUc9mOUJiPBhPXA=="
    },
    "dotenv": {
      "version": "8.2.0",
      "resolved": "https://registry.npmjs.org/dotenv/-/dotenv-8.2.0.tgz",
      "integrity": "sha512-8sJ78ElpbDJBHNeBzUbUVLsqKdccaa/BXF1uPTw3GrvQTBgrQrtObr2mUrE38vzYd8cEv+m/JBfDLioYcfXoaw=="
    },
    "follow-redirects": {
      "version": "1.13.3",
      "resolved": "https://registry.npmjs.org/follow-redirects/-/follow-redirects-1.13.3.tgz",
      "integrity": "sha512-DUgl6+HDzB0iEptNQEXLx/KhTmDb8tZUHSeLqpnjpknR70H0nC2t9N73BK6fN4hOvJ84pKlIQVQ4k5FFlBedKA=="
    },
    "freepi": {
      "version": "2.2.1-alpha.0",
      "resolved": "https://registry.npmjs.org/freepi/-/freepi-2.2.1-alpha.0.tgz",
      "integrity": "sha512-cjfgk23G9J6Sz1MorQ0jOFInt1x9bG/mZ3U0sX26frSW44fGj/L6nD2h2DZQ2wTCCdiNKljei9mXSTazPc5KqQ==",
      "requires": {
        "@freepi/core": "^2.2.1-alpha.0",
        "@freepi/jsonplaceholder": "^2.2.1-alpha.0",
        "@freepi/unsplash": "^2.2.1-alpha.0",
        "@types/axios": "^0.14.0",
        "axios": "^0.21.1"
      }
    },
    "unsplash-js": {
      "version": "7.0.4",
      "resolved": "https://registry.npmjs.org/unsplash-js/-/unsplash-js-7.0.4.tgz",
      "integrity": "sha512-MEIeUxGKLxPIas55HStYvnL7EwNWFPhNZWObiMZf8iFFfNbwNCC/JT07nRf19u5yEN9xfWP7SH+ymcZe2GLFug==",
      "requires": {
        "@types/content-type": "^1.1.3",
        "content-type": "^1.0.4"
      }
    }
  }
}
